
Microsoft Visual Studio Solution File, Format Version 12.00
# Visual Studio Version 17
VisualStudioVersion = 17.14.36414.22
MinimumVisualStudioVersion = 10.0.40219.1
Project("{FAE04EC0-301F-11D3-BF4B-00C04F79EFBC}") = "QuickFood", "QuickFood\QuickFood.csproj", "{37D9EEA7-5F16-43A5-9691-ED49D7DA02AF}"
EndProject
Project("{FAE04EC0-301F-11D3-BF4B-00C04F79EFBC}") = "QuickFood.Tests", "QuickFood.Tests\QuickFood.Tests.csproj", "{BBBA5312-BB99-455A-ACF4-6DED842B61C9}"
EndProject
Project("{FAE04EC0-301F-11D3-BF4B-00C04F79EFBC}") = "QuickFood.IntegrationTests", "QuickFood.IntegrationTests\QuickFood.IntegrationTests.csproj", "{120C586D-1E7F-419F-9120-9802710CB67F}"
EndProject
Global
	GlobalSection(SolutionConfigurationPlatforms) = preSolution
		Debug|Any CPU = Debug|Any CPU
		Release|Any CPU = Release|Any CPU
	EndGlobalSection
	GlobalSection(ProjectConfigurationPlatforms) = postSolution
		{37D9EEA7-5F16-43A5-9691-ED49D7DA02AF}.Debug|Any CPU.ActiveCfg = Debug|Any CPU
		{37D9EEA7-5F16-43A5-9691-ED49D7DA02AF}.Debug|Any CPU.Build.0 = Debug|Any CPU
		{37D9EEA7-5F16-43A5-9691-ED49D7DA02AF}.Release|Any CPU.ActiveCfg = Release|Any CPU
		{37D9EEA7-5F16-43A5-9691-ED49D7DA02AF}.Release|Any CPU.Build.0 = Release|Any CPU
		{BBBA5312-BB99-455A-ACF4-6DED842B61C9}.Debug|Any CPU.ActiveCfg = Debug|Any CPU
		{BBBA5312-BB99-455A-ACF4-6DED842B61C9}.Debug|Any CPU.Build.0 = Debug|Any CPU
		{BBBA5312-BB99-455A-ACF4-6DED842B61C9}.Release|Any CPU.ActiveCfg = Release|Any CPU
		{BBBA5312-BB99-455A-ACF4-6DED842B61C9}.Release|Any CPU.Build.0 = Release|Any CPU
		{120C586D-1E7F-419F-9120-9802710CB67F}.Debug|Any CPU.ActiveCfg = Debug|Any CPU
		{120C586D-1E7F-419F-9120-9802710CB67F}.Debug|Any CPU.Build.0 = Debug|Any CPU
		{120C586D-1E7F-419F-9120-9802710CB67F}.Release|Any CPU.ActiveCfg = Release|Any CPU
		{120C586D-1E7F-419F-9120-9802710CB67F}.Release|Any CPU.Build.0 = Release|Any CPU
	EndGlobalSection
	GlobalSection(SolutionProperties) = preSolution
		HideSolutionNode = FALSE
	EndGlobalSection
	GlobalSection(ExtensibilityGlobals) = postSolution
		SolutionGuid = {E56CF17C-F450-4BB8-B4D6-8EB35F928F17}
	EndGlobalSection
EndGlobal
